// !$*UTF8*$!
{
	archiveVersion = 1;
	classes = {
	};
	objectVersion = 51;
	objects = {

/* Begin PBXBuildFile section */
		771E3FB629C7D34F00130120 /* Pizza.swift in Sources */ = {isa = PBXBuildFile; fileRef = 771E3FB529C7D34F00130120 /* Pizza.swift */; };
		771E3FB929C7D66E00130120 /* MyCustomXIBCell.swift in Sources */ = {isa = PBXBuildFile; fileRef = 771E3FB729C7D66E00130120 /* MyCustomXIBCell.swift */; };
		771E3FBA29C7D66E00130120 /* MyCustomXIBCell.xib in Resources */ = {isa = PBXBuildFile; fileRef = 771E3FB829C7D66E00130120 /* MyCustomXIBCell.xib */; };
		779D57A229C7D2930099E560 /* AppDelegate.swift in Sources */ = {isa = PBXBuildFile; fileRef = 779D57A129C7D2930099E560 /* AppDelegate.swift */; };
		779D57A429C7D2930099E560 /* SceneDelegate.swift in Sources */ = {isa = PBXBuildFile; fileRef = 779D57A329C7D2930099E560 /* SceneDelegate.swift */; };
		779D57A629C7D2930099E560 /* ViewController.swift in Sources */ = {isa = PBXBuildFile; fileRef = 779D57A529C7D2930099E560 /* ViewController.swift */; };
		779D57A929C7D2930099E560 /* Main.storyboard in Resources */ = {isa = PBXBuildFile; fileRef = 779D57A729C7D2930099E560 /* Main.storyboard */; };
		779D57AB29C7D2960099E560 /* Assets.xcassets in Resources */ = {isa = PBXBuildFile; fileRef = 779D57AA29C7D2960099E560 /* Assets.xcassets */; };
		779D57AE29C7D2960099E560 /* LaunchScreen.storyboard in Resources */ = {isa = PBXBuildFile; fileRef = 779D57AC29C7D2960099E560 /* LaunchScreen.storyboard */; };
		F2812F6C4D8AFF5CC27E5621 /* Pods_ProjectRequestSeven.framework in Frameworks */ = {isa = PBXBuildFile; fileRef = 477E83B2F4048A3F243AFCDC /* Pods_ProjectRequestSeven.framework */; };
/* End PBXBuildFile section */

/* Begin PBXFileReference section */
		477E83B2F4048A3F243AFCDC /* Pods_ProjectRequestSeven.framework */ = {isa = PBXFileReference; explicitFileType = wrapper.framework; includeInIndex = 0; path = Pods_ProjectRequestSeven.framework; sourceTree = BUILT_PRODUCTS_DIR; };
		771E3FB529C7D34F00130120 /* Pizza.swift */ = {isa = PBXFileReference; lastKnownFileType = sourcecode.swift; path = Pizza.swift; sourceTree = "<group>"; };
		771E3FB729C7D66E00130120 /* MyCustomXIBCell.swift */ = {isa = PBXFileReference; lastKnownFileType = sourcecode.swift; path = MyCustomXIBCell.swift; sourceTree = "<group>"; };
		771E3FB829C7D66E00130120 /* MyCustomXIBCell.xib */ = {isa = PBXFileReference; lastKnownFileType = file.xib; path = MyCustomXIBCell.xib; sourceTree = "<group>"; };
		779D579E29C7D2930099E560 /* ProjectRequestSeven.app */ = {isa = PBXFileReference; explicitFileType = wrapper.application; includeInIndex = 0; path = ProjectRequestSeven.app; sourceTree = BUILT_PRODUCTS_DIR; };
		779D57A129C7D2930099E560 /* AppDelegate.swift */ = {isa = PBXFileReference; lastKnownFileType = sourcecode.swift; path = AppDelegate.swift; sourceTree = "<group>"; };
		779D57A329C7D2930099E560 /* SceneDelegate.swift */ = {isa = PBXFileReference; lastKnownFileType = sourcecode.swift; path = SceneDelegate.swift; sourceTree = "<group>"; };
		779D57A529C7D2930099E560 /* ViewController.swift */ = {isa = PBXFileReference; lastKnownFileType = sourcecode.swift; path = ViewController.swift; sourceTree = "<group>"; };
		779D57A829C7D2930099E560 /* Base */ = {isa = PBXFileReference; lastKnownFileType = file.storyboard; name = Base; path = Base.lproj/Main.storyboard; sourceTree = "<group>"; };
		779D57AA29C7D2960099E560 /* Assets.xcassets */ = {isa = PBXFileReference; lastKnownFileType = folder.assetcatalog; path = Assets.xcassets; sourceTree = "<group>"; };
		779D57AD29C7D2960099E560 /* Base */ = {isa = PBXFileReference; lastKnownFileType = file.storyboard; name = Base; path = Base.lproj/LaunchScreen.storyboard; sourceTree = "<group>"; };
		779D57AF29C7D2960099E560 /* Info.plist */ = {isa = PBXFileReference; lastKnownFileType = text.plist.xml; path = Info.plist; sourceTree = "<group>"; };
		89661D5B1253BAD1A966A487 /* Pods-ProjectRequestSeven.release.xcconfig */ = {isa = PBXFileReference; includeInIndex = 1; lastKnownFileType = text.xcconfig; name = "Pods-ProjectRequestSeven.release.xcconfig"; path = "Target Support Files/Pods-ProjectRequestSeven/Pods-ProjectRequestSeven.release.xcconfig"; sourceTree = "<group>"; };
		94B4A1C4C3DFDD81438ED08E /* Pods-ProjectRequestSeven.debug.xcconfig */ = {isa = PBXFileReference; includeInIndex = 1; lastKnownFileType = text.xcconfig; name = "Pods-ProjectRequestSeven.debug.xcconfig"; path = "Target Support Files/Pods-ProjectRequestSeven/Pods-ProjectRequestSeven.debug.xcconfig"; sourceTree = "<group>"; };
/* End PBXFileReference section */

/* Begin PBXFrameworksBuildPhase section */
		779D579B29C7D2930099E560 /* Frameworks */ = {
			isa = PBXFrameworksBuildPhase;
			buildActionMask = 2147483647;
			files = (
				F2812F6C4D8AFF5CC27E5621 /* Pods_ProjectRequestSeven.framework in Frameworks */,
			);
			runOnlyForDeploymentPostprocessing = 0;
		};
/* End PBXFrameworksBuildPhase section */

/* Begin PBXGroup section */
		779D579529C7D2930099E560 = {
			isa = PBXGroup;
			children = (
				779D57A029C7D2930099E560 /* ProjectRequestSeven */,
				779D579F29C7D2930099E560 /* Products */,
				CA7C12BF3419F5572DDD1F76 /* Pods */,
				D2BE154BDCEBCB57C4DC9551 /* Frameworks */,
			);
			sourceTree = "<group>";
		};
		779D579F29C7D2930099E560 /* Products */ = {
			isa = PBXGroup;
			children = (
				779D579E29C7D2930099E560 /* ProjectRequestSeven.app */,
			);
			name = Products;
			sourceTree = "<group>";
		};
		779D57A029C7D2930099E560 /* ProjectRequestSeven */ = {
			isa = PBXGroup;
			children = (
				779D57A129C7D2930099E560 /* AppDelegate.swift */,
				779D57A329C7D2930099E560 /* SceneDelegate.swift */,
				771E3FB529C7D34F00130120 /* Pizza.swift */,
				779D57A529C7D2930099E560 /* ViewController.swift */,
				771E3FB729C7D66E00130120 /* MyCustomXIBCell.swift */,
				771E3FB829C7D66E00130120 /* MyCustomXIBCell.xib */,
				779D57A729C7D2930099E560 /* Main.storyboard */,
				779D57AA29C7D2960099E560 /* Assets.xcassets */,
				779D57AC29C7D2960099E560 /* LaunchScreen.storyboard */,
				779D57AF29C7D2960099E560 /* Info.plist */,
			);
			path = ProjectRequestSeven;
			sourceTree = "<group>";
		};
		CA7C12BF3419F5572DDD1F76 /* Pods */ = {
			isa = PBXGroup;
			children = (
				94B4A1C4C3DFDD81438ED08E /* Pods-ProjectRequestSeven.debug.xcconfig */,
				89661D5B1253BAD1A966A487 /* Pods-ProjectRequestSeven.release.xcconfig */,
			);
			path = Pods;
			sourceTree = "<group>";
		};
		D2BE154BDCEBCB57C4DC9551 /* Frameworks */ = {
			isa = PBXGroup;
			children = (
				477E83B2F4048A3F243AFCDC /* Pods_ProjectRequestSeven.framework */,
			);
			name = Frameworks;
			sourceTree = "<group>";
		};
/* End PBXGroup section */

/* Begin PBXNativeTarget section */
		779D579D29C7D2930099E560 /* ProjectRequestSeven */ = {
			isa = PBXNativeTarget;
			buildConfigurationList = 779D57B229C7D2960099E560 /* Build configuration list for PBXNativeTarget "ProjectRequestSeven" */;
			buildPhases = (
				5074BB31688FAE337792AFF5 /* [CP] Check Pods Manifest.lock */,
				779D579A29C7D2930099E560 /* Sources */,
				779D579B29C7D2930099E560 /* Frameworks */,
				779D579C29C7D2930099E560 /* Resources */,
				3E4644A9E8CD47CC6A4B83CB /* [CP] Embed Pods Frameworks */,
			);
			buildRules = (
			);
			dependencies = (
			);
			name = ProjectRequestSeven;
			productName = ProjectRequestSeven;
			productReference = 779D579E29C7D2930099E560 /* ProjectRequestSeven.app */;
			productType = "com.apple.product-type.application";
		};
/* End PBXNativeTarget section */

/* Begin PBXProject section */
		779D579629C7D2930099E560 /* Project object */ = {
			isa = PBXProject;
			attributes = {
				LastSwiftUpdateCheck = 1250;
				LastUpgradeCheck = 1250;
				TargetAttributes = {
					779D579D29C7D2930099E560 = {
						CreatedOnToolsVersion = 12.5.1;
					};
				};
			};
			buildConfigurationList = 779D579929C7D2930099E560 /* Build configuration list for PBXProject "ProjectRequestSeven" */;
			compatibilityVersion = "Xcode 9.3";
			developmentRegion = en;
			hasScannedForEncodings = 0;
			knownRegions = (
				en,
				Base,
			);
			mainGroup = 779D579529C7D2930099E560;
			productRefGroup = 779D579F29C7D2930099E560 /* Products */;
			projectDirPath = "";
			projectRoot = "";
			targets = (
				779D579D29C7D2930099E560 /* ProjectRequestSeven */,
			);
		};
/* End PBXProject section */

/* Begin PBXResourcesBuildPhase section */
		779D579C29C7D2930099E560 /* Resources */ = {
			isa = PBXResourcesBuildPhase;
			buildActionMask = 2147483647;
			files = (
				771E3FBA29C7D66E00130120 /* MyCustomXIBCell.xib in Resources */,
				779D57AE29C7D2960099E560 /* LaunchScreen.storyboard in Resources */,
				779D57AB29C7D2960099E560 /* Assets.xcassets in Resources */,
				779D57A929C7D2930099E560 /* Main.storyboard in Resources */,
			);
			runOnlyForDeploymentPostprocessing = 0;
		};
/* End PBXResourcesBuildPhase section */

/* Begin PBXShellScriptBuildPhase section */
		3E4644A9E8CD47CC6A4B83CB /* [CP] Embed Pods Frameworks */ = {
			isa = PBXShellScriptBuildPhase;
			buildActionMask = 2147483647;
			files = (
			);
			inputFileListPaths = (
				"${PODS_ROOT}/Target Support Files/Pods-ProjectRequestSeven/Pods-ProjectRequestSeven-frameworks-${CONFIGURATION}-input-files.xcfilelist",
			);
			name = "[CP] Embed Pods Frameworks";
			outputFileListPaths = (
				"${PODS_ROOT}/Target Support Files/Pods-ProjectRequestSeven/Pods-ProjectRequestSeven-frameworks-${CONFIGURATION}-output-files.xcfilelist",
			);
			runOnlyForDeploymentPostprocessing = 0;
			shellPath = /bin/sh;
			shellScript = "\"${PODS_ROOT}/Target Support Files/Pods-ProjectRequestSeven/Pods-ProjectRequestSeven-frameworks.sh\"\n";
			showEnvVarsInLog = 0;
		};
		5074BB31688FAE337792AFF5 /* [CP] Check Pods Manifest.lock */ = {
			isa = PBXShellScriptBuildPhase;
			buildActionMask = 2147483647;
			files = (
			);
			inputFileListPaths = (
			);
			inputPaths = (
				"${PODS_PODFILE_DIR_PATH}/Podfile.lock",
				"${PODS_ROOT}/Manifest.lock",
			);
			name = "[CP] Check Pods Manifest.lock";
			outputFileListPaths = (
			);
			outputPaths = (
				"$(DERIVED_FILE_DIR)/Pods-ProjectRequestSeven-checkManifestLockResult.txt",
			);
			runOnlyForDeploymentPostprocessing = 0;
			shellPath = /bin/sh;
			shellScript = "diff \"${PODS_PODFILE_DIR_PATH}/Podfile.lock\" \"${PODS_ROOT}/Manifest.lock\" > /dev/null\nif [ $? != 0 ] ; then\n    # print error to STDERR\n    echo \"error: The sandbox is not in sync with the Podfile.lock. Run 'pod install' or update your CocoaPods installation.\" >&2\n    exit 1\nfi\n# This output is used by Xcode 'outputs' to avoid re-running this script phase.\necho \"SUCCESS\" > \"${SCRIPT_OUTPUT_FILE_0}\"\n";
			showEnvVarsInLog = 0;
		};
/* End PBXShellScriptBuildPhase section */

/* Begin PBXSourcesBuildPhase section */
		779D579A29C7D2930099E560 /* Sources */ = {
			isa = PBXSourcesBuildPhase;
			buildActionMask = 2147483647;
			files = (
				771E3FB929C7D66E00130120 /* MyCustomXIBCell.swift in Sources */,
				771E3FB629C7D34F00130120 /* Pizza.swift in Sources */,
				779D57A629C7D2930099E560 /* ViewController.swift in Sources */,
				779D57A229C7D2930099E560 /* AppDelegate.swift in Sources */,
				779D57A429C7D2930099E560 /* SceneDelegate.swift in Sources */,
			);
			runOnlyForDeploymentPostprocessing = 0;
		};
/* End PBXSourcesBuildPhase section */

/* Begin PBXVariantGroup section */
		779D57A729C7D2930099E560 /* Main.storyboard */ = {
			isa = PBXVariantGroup;
			children = (
				779D57A829C7D2930099E560 /* Base */,
			);
			name = Main.storyboard;
			sourceTree = "<group>";
		};
		779D57AC29C7D2960099E560 /* LaunchScreen.storyboard */ = {
			isa = PBXVariantGroup;
			children = (
				779D57AD29C7D2960099E560 /* Base */,
			);
			name = LaunchScreen.storyboard;
			sourceTree = "<group>";
		};
/* End PBXVariantGroup section */

/* Begin XCBuildConfiguration section */
		779D57B029C7D2960099E560 /* Debug */ = {
			isa = XCBuildConfiguration;
			buildSettings = {
				ALWAYS_SEARCH_USER_PATHS = NO;
				CLANG_ANALYZER_NONNULL = YES;
				CLANG_ANALYZER_NUMBER_OBJECT_CONVERSION = YES_AGGRESSIVE;
				CLANG_CXX_LANGUAGE_STANDARD = "gnu++14";
				CLANG_CXX_LIBRARY = "libc++";
				CLANG_ENABLE_MODULES = YES;
				CLANG_ENABLE_OBJC_ARC = YES;
				CLANG_ENABLE_OBJC_WEAK = YES;
				CLANG_WARN_BLOCK_CAPTURE_AUTORELEASING = YES;
				CLANG_WARN_BOOL_CONVERSION = YES;
				CLANG_WARN_COMMA = YES;
				CLANG_WARN_CONSTANT_CONVERSION = YES;
				CLANG_WARN_DEPRECATED_OBJC_IMPLEMENTATIONS = YES;
				CLANG_WARN_DIRECT_OBJC_ISA_USAGE = YES_ERROR;
				CLANG_WARN_DOCUMENTATION_COMMENTS = YES;
				CLANG_WARN_EMPTY_BODY = YES;
				CLANG_WARN_ENUM_CONVERSION = YES;
				CLANG_WARN_INFINITE_RECURSION = YES;
				CLANG_WARN_INT_CONVERSION = YES;
				CLANG_WARN_NON_LITERAL_NULL_CONVERSION = YES;
				CLANG_WARN_OBJC_IMPLICIT_RETAIN_SELF = YES;
				CLANG_WARN_OBJC_LITERAL_CONVERSION = YES;
				CLANG_WARN_OBJC_ROOT_CLASS = YES_ERROR;
				CLANG_WARN_QUOTED_INCLUDE_IN_FRAMEWORK_HEADER = YES;
				CLANG_WARN_RANGE_LOOP_ANALYSIS = YES;
				CLANG_WARN_STRICT_PROTOTYPES = YES;
				CLANG_WARN_SUSPICIOUS_MOVE = YES;
				CLANG_WARN_UNGUARDED_AVAILABILITY = YES_AGGRESSIVE;
				CLANG_WARN_UNREACHABLE_CODE = YES;
				CLANG_WARN__DUPLICATE_METHOD_MATCH = YES;
				COPY_PHASE_STRIP = NO;
				DEBUG_INFORMATION_FORMAT = dwarf;
				ENABLE_STRICT_OBJC_MSGSEND = YES;
				ENABLE_TESTABILITY = YES;
				GCC_C_LANGUAGE_STANDARD = gnu11;
				GCC_DYNAMIC_NO_PIC = NO;
				GCC_NO_COMMON_BLOCKS = YES;
				GCC_OPTIMIZATION_LEVEL = 0;
				GCC_PREPROCESSOR_DEFINITIONS = (
					"DEBUG=1",
					"$(inherited)",
				);
				GCC_WARN_64_TO_32_BIT_CONVERSION = YES;
				GCC_WARN_ABOUT_RETURN_TYPE = YES_ERROR;
				GCC_WARN_UNDECLARED_SELECTOR = YES;
				GCC_WARN_UNINITIALIZED_AUTOS = YES_AGGRESSIVE;
				GCC_WARN_UNUSED_FUNCTION = YES;
				GCC_WARN_UNUSED_VARIABLE = YES;
				IPHONEOS_DEPLOYMENT_TARGET = 14.5;
				MTL_ENABLE_DEBUG_INFO = INCLUDE_SOURCE;
				MTL_FAST_MATH = YES;
				ONLY_ACTIVE_ARCH = YES;
				SDKROOT = iphoneos;
				SWIFT_ACTIVE_COMPILATION_CONDITIONS = DEBUG;
				SWIFT_OPTIMIZATION_LEVEL = "-Onone";
			};
			name = Debug;
		};
		779D57B129C7D2960099E560 /* Release */ = {
			isa = XCBuildConfiguration;
			buildSettings = {
				ALWAYS_SEARCH_USER_PATHS = NO;
				CLANG_ANALYZER_NONNULL = YES;
				CLANG_ANALYZER_NUMBER_OBJECT_CONVERSION = YES_AGGRESSIVE;
				CLANG_CXX_LANGUAGE_STANDARD = "gnu++14";
				CLANG_CXX_LIBRARY = "libc++";
				CLANG_ENABLE_MODULES = YES;
				CLANG_ENABLE_OBJC_ARC = YES;
				CLANG_ENABLE_OBJC_WEAK = YES;
				CLANG_WARN_BLOCK_CAPTURE_AUTORELEASING = YES;
				CLANG_WARN_BOOL_CONVERSION = YES;
				CLANG_WARN_COMMA = YES;
				CLANG_WARN_CONSTANT_CONVERSION = YES;
				CLANG_WARN_DEPRECATED_OBJC_IMPLEMENTATIONS = YES;
				CLANG_WARN_DIRECT_OBJC_ISA_USAGE = YES_ERROR;
				CLANG_WARN_DOCUMENTATION_COMMENTS = YES;
				CLANG_WARN_EMPTY_BODY = YES;
				CLANG_WARN_ENUM_CONVERSION = YES;
				CLANG_WARN_INFINITE_RECURSION = YES;
				CLANG_WARN_INT_CONVERSION = YES;
				CLANG_WARN_NON_LITERAL_NULL_CONVERSION = YES;
				CLANG_WARN_OBJC_IMPLICIT_RETAIN_SELF = YES;
				CLANG_WARN_OBJC_LITERAL_CONVERSION = YES;
				CLANG_WARN_OBJC_ROOT_CLASS = YES_ERROR;
				CLANG_WARN_QUOTED_INCLUDE_IN_FRAMEWORK_HEADER = YES;
				CLANG_WARN_RANGE_LOOP_ANALYSIS = YES;
				CLANG_WARN_STRICT_PROTOTYPES = YES;
				CLANG_WARN_SUSPICIOUS_MOVE = YES;
				CLANG_WARN_UNGUARDED_AVAILABILITY = YES_AGGRESSIVE;
				CLANG_WARN_UNREACHABLE_CODE = YES;
				CLANG_WARN__DUPLICATE_METHOD_MATCH = YES;
				COPY_PHASE_STRIP = NO;
				DEBUG_INFORMATION_FORMAT = "dwarf-with-dsym";
				ENABLE_NS_ASSERTIONS = NO;
				ENABLE_STRICT_OBJC_MSGSEND = YES;
				GCC_C_LANGUAGE_STANDARD = gnu11;
				GCC_NO_COMMON_BLOCKS = YES;
				GCC_WARN_64_TO_32_BIT_CONVERSION = YES;
				GCC_WARN_ABOUT_RETURN_TYPE = YES_ERROR;
				GCC_WARN_UNDECLARED_SELECTOR = YES;
				GCC_WARN_UNINITIALIZED_AUTOS = YES_AGGRESSIVE;
				GCC_WARN_UNUSED_FUNCTION = YES;
				GCC_WARN_UNUSED_VARIABLE = YES;
				IPHONEOS_DEPLOYMENT_TARGET = 14.5;
				MTL_ENABLE_DEBUG_INFO = NO;
				MTL_FAST_MATH = YES;
				SDKROOT = iphoneos;
				SWIFT_COMPILATION_MODE = wholemodule;
				SWIFT_OPTIMIZATION_LEVEL = "-O";
				VALIDATE_PRODUCT = YES;
			};
			name = Release;
		};
		779D57B329C7D2960099E560 /* Debug */ = {
			isa = XCBuildConfiguration;
			baseConfigurationReference = 94B4A1C4C3DFDD81438ED08E /* Pods-ProjectRequestSeven.debug.xcconfig */;
			buildSettings = {
				ASSETCATALOG_COMPILER_APPICON_NAME = AppIcon;
				ASSETCATALOG_COMPILER_GLOBAL_ACCENT_COLOR_NAME = AccentColor;
				CODE_SIGN_STYLE = Automatic;
				INFOPLIST_FILE = ProjectRequestSeven/Info.plist;
				LD_RUNPATH_SEARCH_PATHS = (
					"$(inherited)",
					"@executable_path/Frameworks",
				);
				PRODUCT_BUNDLE_IDENTIFIER = Aninha.ProjectRequestSeven;
				PRODUCT_NAME = "$(TARGET_NAME)";
				SWIFT_VERSION = 5.0;
				TARGETED_DEVICE_FAMILY = "1,2";
			};
			name = Debug;
		};
		779D57B429C7D2960099E560 /* Release */ = {
			isa = XCBuildConfiguration;
			baseConfigurationReference = 89661D5B1253BAD1A966A487 /* Pods-ProjectRequestSeven.release.xcconfig */;
			buildSettings = {
				ASSETCATALOG_COMPILER_APPICON_NAME = AppIcon;
				ASSETCATALOG_COMPILER_GLOBAL_ACCENT_COLOR_NAME = AccentColor;
				CODE_SIGN_STYLE = Automatic;
				INFOPLIST_FILE = ProjectRequestSeven/Info.plist;
				LD_RUNPATH_SEARCH_PATHS = (
					"$(inherited)",
					"@executable_path/Frameworks",
				);
				PRODUCT_BUNDLE_IDENTIFIER = Aninha.ProjectRequestSeven;
				PRODUCT_NAME = "$(TARGET_NAME)";
				SWIFT_VERSION = 5.0;
				TARGETED_DEVICE_FAMILY = "1,2";
			};
			name = Release;
		};
/* End XCBuildConfiguration section */

/* Begin XCConfigurationList section */
		779D579929C7D2930099E560 /* Build configuration list for PBXProject "ProjectRequestSeven" */ = {
			isa = XCConfigurationList;
			buildConfigurations = (
				779D57B029C7D2960099E560 /* Debug */,
				779D57B129C7D2960099E560 /* Release */,
			);
			defaultConfigurationIsVisible = 0;
			defaultConfigurationName = Release;
		};
		779D57B229C7D2960099E560 /* Build configuration list for PBXNativeTarget "ProjectRequestSeven" */ = {
			isa = XCConfigurationList;
			buildConfigurations = (
				779D57B329C7D2960099E560 /* Debug */,
				779D57B429C7D2960099E560 /* Release */,
			);
			defaultConfigurationIsVisible = 0;
			defaultConfigurationName = Release;
		};
/* End XCConfigurationList section */
	};
	rootObject = 779D579629C7D2930099E560 /* Project object */;
}
